
Microsoft Visual Studio Solution File, Format Version 12.00
# Visual Studio 15
VisualStudioVersion = 15.0.28307.960
MinimumVisualStudioVersion = 10.0.40219.1
Project("{FAE04EC0-301F-11D3-BF4B-00C04F79EFBC}") = "ADPP_CW", "ADPP_CW\ADPP_CW.csproj", "{DA657CD7-06C6-43CE-8D8A-707BB5372713}"
EndProject
Project("{FAE04EC0-301F-11D3-BF4B-00C04F79EFBC}") = "ADPP_CW_test", "ADPP_CW_test\ADPP_CW_test.csproj", "{15B46DA8-B0A0-4A9F-83C1-5E5E0F053F9A}"
EndProject
Global
	GlobalSection(SolutionConfigurationPlatforms) = preSolution
		Debug|Any CPU = Debug|Any CPU
		Release|Any CPU = Release|Any CPU
	EndGlobalSection
	GlobalSection(ProjectConfigurationPlatforms) = postSolution
		{DA657CD7-06C6-43CE-8D8A-707BB5372713}.Debug|Any CPU.ActiveCfg = Debug|Any CPU
		{DA657CD7-06C6-43CE-8D8A-707BB5372713}.Debug|Any CPU.Build.0 = Debug|Any CPU
		{DA657CD7-06C6-43CE-8D8A-707BB5372713}.Release|Any CPU.ActiveCfg = Release|Any CPU
		{DA657CD7-06C6-43CE-8D8A-707BB5372713}.Release|Any CPU.Build.0 = Release|Any CPU
		{15B46DA8-B0A0-4A9F-83C1-5E5E0F053F9A}.Debug|Any CPU.ActiveCfg = Debug|Any CPU
		{15B46DA8-B0A0-4A9F-83C1-5E5E0F053F9A}.Debug|Any CPU.Build.0 = Debug|Any CPU
		{15B46DA8-B0A0-4A9F-83C1-5E5E0F053F9A}.Release|Any CPU.ActiveCfg = Release|Any CPU
		{15B46DA8-B0A0-4A9F-83C1-5E5E0F053F9A}.Release|Any CPU.Build.0 = Release|Any CPU
	EndGlobalSection
	GlobalSection(SolutionProperties) = preSolution
		HideSolutionNode = FALSE
	EndGlobalSection
	GlobalSection(ExtensibilityGlobals) = postSolution
		SolutionGuid = {0A0FBEAE-0A37-4D30-8A84-9DF57D0C27E7}
	EndGlobalSection
EndGlobal
